{
  "name": "spotlight",
  "version": "1.2.0",
  "lockfileVersion": 1,
  "dependencies": {
    "docdown": {
      "version": "0.4.1",
      "resolved": "https://registry.npmjs.org/docdown/-/docdown-0.4.1.tgz",
      "integrity": "sha1-DEM8CYnF8NLlETUfn4lwmPw9h3w=",
      "dev": true,
      "dependencies": {
        "lodash": {
          "version": "4.17.4",
          "resolved": "https://registry.npmjs.org/lodash/-/lodash-4.17.4.tgz",
          "integrity": "sha1-eCA6TRwyiuHYbcpkYONptX9AVa4=",
          "dev": true
        }
      }
    },
    "lodash": {
      "version": "3.10.1",
      "resolved": "https://registry.npmjs.org/lodash/-/lodash-3.10.1.tgz",
      "integrity": "sha1-W/Rejkm6QYnhfUgnid/RW9FAt7Y="
    },
    "qunit-extras": {
      "version": "1.5.0",
      "resolved": "https://registry.npmjs.org/qunit-extras/-/qunit-extras-1.5.0.tgz",
      "integrity": "sha1-pk0cUIirIMAcDhsExyEyw5ezlkw=",
      "dev": true
    },
    "qunitjs": {
      "version": "1.22.0",
      "resolved": "https://registry.npmjs.org/qunitjs/-/qunitjs-1.22.0.tgz",
      "integrity": "sha1-N08PUeTqr4gShOv6X8SL70xxS2c=",
      "dev": true
    },
    "requirejs": {
      "version": "2.3.3",
      "resolved": "https://registry.npmjs.org/requirejs/-/requirejs-2.3.3.tgz",
      "integrity": "sha1-qln9OgKH6vQHlZoTgigES13WpqM=",
      "dev": true
    }
  }
}
